
Microsoft Visual Studio Solution File, Format Version 11.00
# Visual Studio 2010
Project("{FAE04EC0-301F-11D3-BF4B-00C04F79EFBC}") = "comath", "Assembly-CSharp.csproj", "{993EB427-D18A-3634-E140-2131E172C1B9}"
EndProject
Project("{FAE04EC0-301F-11D3-BF4B-00C04F79EFBC}") = "comath", "Assembly-CSharp-Editor.csproj", "{F24517E0-FC6A-9CE4-7EB1-5D23CDCB81B0}"
EndProject
Global
	GlobalSection(SolutionConfigurationPlatforms) = preSolution
		Debug|Any CPU = Debug|Any CPU
		Release|Any CPU = Release|Any CPU
	EndGlobalSection
	GlobalSection(ProjectConfigurationPlatforms) = postSolution
		{993EB427-D18A-3634-E140-2131E172C1B9}.Debug|Any CPU.ActiveCfg = Debug|Any CPU
		{993EB427-D18A-3634-E140-2131E172C1B9}.Debug|Any CPU.Build.0 = Debug|Any CPU
		{993EB427-D18A-3634-E140-2131E172C1B9}.Release|Any CPU.ActiveCfg = Release|Any CPU
		{993EB427-D18A-3634-E140-2131E172C1B9}.Release|Any CPU.Build.0 = Release|Any CPU
		{F24517E0-FC6A-9CE4-7EB1-5D23CDCB81B0}.Debug|Any CPU.ActiveCfg = Debug|Any CPU
		{F24517E0-FC6A-9CE4-7EB1-5D23CDCB81B0}.Debug|Any CPU.Build.0 = Debug|Any CPU
		{F24517E0-FC6A-9CE4-7EB1-5D23CDCB81B0}.Release|Any CPU.ActiveCfg = Release|Any CPU
		{F24517E0-FC6A-9CE4-7EB1-5D23CDCB81B0}.Release|Any CPU.Build.0 = Release|Any CPU
	EndGlobalSection
	GlobalSection(SolutionProperties) = preSolution
		HideSolutionNode = FALSE
	EndGlobalSection
	GlobalSection(MonoDevelopProperties) = preSolution
		StartupItem = Assembly-CSharp.csproj
	EndGlobalSection
EndGlobal
